// !$*UTF8*$!
{
	archiveVersion = 1;
	classes = {
	};
	objectVersion = 56;
	objects = {

/* Begin PBXBuildFile section */
		463CADAD2938C2330045460C /* main.swift in Sources */ = {isa = PBXBuildFile; fileRef = 463CADAC2938C2330045460C /* main.swift */; };
		463CADB42938C24D0045460C /* Day1.swift in Sources */ = {isa = PBXBuildFile; fileRef = 463CADB32938C24D0045460C /* Day1.swift */; };
		464561542939F19A00BB9874 /* InputLoader.swift in Sources */ = {isa = PBXBuildFile; fileRef = 464561532939F19A00BB9874 /* InputLoader.swift */; };
		464561562939F2E900BB9874 /* Day2.swift in Sources */ = {isa = PBXBuildFile; fileRef = 464561552939F2E900BB9874 /* Day2.swift */; };
		4663CA3029424CD30086DF24 /* Day8.swift in Sources */ = {isa = PBXBuildFile; fileRef = 4663CA2F29424CD30086DF24 /* Day8.swift */; };
		46C166D12947245200A88A2B /* Day11.swift in Sources */ = {isa = PBXBuildFile; fileRef = 46C166D02947245200A88A2B /* Day11.swift */; };
		46C166D72947A34C00A88A2B /* Day12.swift in Sources */ = {isa = PBXBuildFile; fileRef = 46C166D62947A34C00A88A2B /* Day12.swift */; };
		46CFCF1C29407A610017442D /* Day6.swift in Sources */ = {isa = PBXBuildFile; fileRef = 46CFCF1B29407A610017442D /* Day6.swift */; };
		46CFCF1E294080D80017442D /* Day7.swift in Sources */ = {isa = PBXBuildFile; fileRef = 46CFCF1D294080D80017442D /* Day7.swift */; };
		46D5FD8729439AFB009DE94F /* Day9.swift in Sources */ = {isa = PBXBuildFile; fileRef = 46D5FD8629439AFB009DE94F /* Day9.swift */; };
		46D5FD8A2944AB6F009DE94F /* Day10.swift in Sources */ = {isa = PBXBuildFile; fileRef = 46D5FD892944AB6F009DE94F /* Day10.swift */; };
		46E15EA9293DE04900F44580 /* Day3.swift in Sources */ = {isa = PBXBuildFile; fileRef = 46E15EA8293DE04900F44580 /* Day3.swift */; };
		46E15EAB293E0BFD00F44580 /* Day4.swift in Sources */ = {isa = PBXBuildFile; fileRef = 46E15EAA293E0BFD00F44580 /* Day4.swift */; };
		46EC9777293E1893007C9C8D /* Day5.swift in Sources */ = {isa = PBXBuildFile; fileRef = 46EC9776293E1893007C9C8D /* Day5.swift */; };
/* End PBXBuildFile section */

/* Begin PBXCopyFilesBuildPhase section */
		463CADA72938C2330045460C /* CopyFiles */ = {
			isa = PBXCopyFilesBuildPhase;
			buildActionMask = 2147483647;
			dstPath = /usr/share/man/man1/;
			dstSubfolderSpec = 0;
			files = (
			);
			runOnlyForDeploymentPostprocessing = 1;
		};
/* End PBXCopyFilesBuildPhase section */

/* Begin PBXFileReference section */
		463CADA92938C2330045460C /* AdventOfCode2022 */ = {isa = PBXFileReference; explicitFileType = "compiled.mach-o.executable"; includeInIndex = 0; path = AdventOfCode2022; sourceTree = BUILT_PRODUCTS_DIR; };
		463CADAC2938C2330045460C /* main.swift */ = {isa = PBXFileReference; lastKnownFileType = sourcecode.swift; path = main.swift; sourceTree = "<group>"; };
		463CADB32938C24D0045460C /* Day1.swift */ = {isa = PBXFileReference; lastKnownFileType = sourcecode.swift; path = Day1.swift; sourceTree = "<group>"; };
		463CADB52938C2810045460C /* day_1_1.txt */ = {isa = PBXFileReference; lastKnownFileType = text; path = day_1_1.txt; sourceTree = "<group>"; };
		464561532939F19A00BB9874 /* InputLoader.swift */ = {isa = PBXFileReference; lastKnownFileType = sourcecode.swift; path = InputLoader.swift; sourceTree = "<group>"; };
		464561552939F2E900BB9874 /* Day2.swift */ = {isa = PBXFileReference; lastKnownFileType = sourcecode.swift; path = Day2.swift; sourceTree = "<group>"; };
		464561572939F83E00BB9874 /* day_2_2.txt */ = {isa = PBXFileReference; lastKnownFileType = text; path = day_2_2.txt; sourceTree = "<group>"; };
		4663CA2D29423CF00086DF24 /* day_7.txt */ = {isa = PBXFileReference; fileEncoding = 4; lastKnownFileType = text; path = day_7.txt; sourceTree = "<group>"; };
		4663CA2E29423CF00086DF24 /* day_8.txt */ = {isa = PBXFileReference; fileEncoding = 4; lastKnownFileType = text; path = day_8.txt; sourceTree = "<group>"; };
		4663CA2F29424CD30086DF24 /* Day8.swift */ = {isa = PBXFileReference; lastKnownFileType = sourcecode.swift; path = Day8.swift; sourceTree = "<group>"; };
		46C166CF2947243A00A88A2B /* day_11.txt */ = {isa = PBXFileReference; lastKnownFileType = text; path = day_11.txt; sourceTree = "<group>"; };
		46C166D02947245200A88A2B /* Day11.swift */ = {isa = PBXFileReference; lastKnownFileType = sourcecode.swift; path = Day11.swift; sourceTree = "<group>"; };
		46C166D62947A34C00A88A2B /* Day12.swift */ = {isa = PBXFileReference; lastKnownFileType = sourcecode.swift; path = Day12.swift; sourceTree = "<group>"; };
		46C166D82947A35B00A88A2B /* day_12.txt */ = {isa = PBXFileReference; lastKnownFileType = text; path = day_12.txt; sourceTree = "<group>"; };
		46CFCF1A29407A520017442D /* day_6.txt */ = {isa = PBXFileReference; fileEncoding = 4; lastKnownFileType = text; path = day_6.txt; sourceTree = "<group>"; };
		46CFCF1B29407A610017442D /* Day6.swift */ = {isa = PBXFileReference; lastKnownFileType = sourcecode.swift; path = Day6.swift; sourceTree = "<group>"; };
		46CFCF1D294080D80017442D /* Day7.swift */ = {isa = PBXFileReference; lastKnownFileType = sourcecode.swift; path = Day7.swift; sourceTree = "<group>"; };
		46D5FD8629439AFB009DE94F /* Day9.swift */ = {isa = PBXFileReference; lastKnownFileType = sourcecode.swift; path = Day9.swift; sourceTree = "<group>"; };
		46D5FD8829439B0F009DE94F /* day_9.txt */ = {isa = PBXFileReference; lastKnownFileType = text; path = day_9.txt; sourceTree = "<group>"; };
		46D5FD892944AB6F009DE94F /* Day10.swift */ = {isa = PBXFileReference; lastKnownFileType = sourcecode.swift; path = Day10.swift; sourceTree = "<group>"; };
		46D5FD8B2944AB7F009DE94F /* day_10.txt */ = {isa = PBXFileReference; lastKnownFileType = text; path = day_10.txt; sourceTree = "<group>"; };
		46E15EA7293DE03F00F44580 /* day_3_3.txt */ = {isa = PBXFileReference; lastKnownFileType = text; path = day_3_3.txt; sourceTree = "<group>"; };
		46E15EA8293DE04900F44580 /* Day3.swift */ = {isa = PBXFileReference; lastKnownFileType = sourcecode.swift; path = Day3.swift; sourceTree = "<group>"; };
		46E15EAA293E0BFD00F44580 /* Day4.swift */ = {isa = PBXFileReference; lastKnownFileType = sourcecode.swift; path = Day4.swift; sourceTree = "<group>"; };
		46E15EAC293E0DE000F44580 /* day_4.txt */ = {isa = PBXFileReference; lastKnownFileType = text; path = day_4.txt; sourceTree = "<group>"; };
		46EC9776293E1893007C9C8D /* Day5.swift */ = {isa = PBXFileReference; lastKnownFileType = sourcecode.swift; path = Day5.swift; sourceTree = "<group>"; };
		46EC9778293E18E8007C9C8D /* day_5.txt */ = {isa = PBXFileReference; lastKnownFileType = text; path = day_5.txt; sourceTree = "<group>"; };
/* End PBXFileReference section */

/* Begin PBXFrameworksBuildPhase section */
		463CADA62938C2330045460C /* Frameworks */ = {
			isa = PBXFrameworksBuildPhase;
			buildActionMask = 2147483647;
			files = (
			);
			runOnlyForDeploymentPostprocessing = 0;
		};
/* End PBXFrameworksBuildPhase section */

/* Begin PBXGroup section */
		463CADA02938C2330045460C = {
			isa = PBXGroup;
			children = (
				463CADAB2938C2330045460C /* AdventOfCode2022 */,
				463CADAA2938C2330045460C /* Products */,
			);
			sourceTree = "<group>";
		};
		463CADAA2938C2330045460C /* Products */ = {
			isa = PBXGroup;
			children = (
				463CADA92938C2330045460C /* AdventOfCode2022 */,
			);
			name = Products;
			sourceTree = "<group>";
		};
		463CADAB2938C2330045460C /* AdventOfCode2022 */ = {
			isa = PBXGroup;
			children = (
				464561522939F15D00BB9874 /* Solutions */,
				464561512939F14E00BB9874 /* Input */,
				463CADAC2938C2330045460C /* main.swift */,
				464561532939F19A00BB9874 /* InputLoader.swift */,
			);
			path = AdventOfCode2022;
			sourceTree = "<group>";
		};
		464561512939F14E00BB9874 /* Input */ = {
			isa = PBXGroup;
			children = (
				463CADB52938C2810045460C /* day_1_1.txt */,
				464561572939F83E00BB9874 /* day_2_2.txt */,
				46E15EA7293DE03F00F44580 /* day_3_3.txt */,
				46E15EAC293E0DE000F44580 /* day_4.txt */,
				46EC9778293E18E8007C9C8D /* day_5.txt */,
				46CFCF1A29407A520017442D /* day_6.txt */,
				4663CA2D29423CF00086DF24 /* day_7.txt */,
				4663CA2E29423CF00086DF24 /* day_8.txt */,
				46D5FD8829439B0F009DE94F /* day_9.txt */,
				46D5FD8B2944AB7F009DE94F /* day_10.txt */,
				46C166CF2947243A00A88A2B /* day_11.txt */,
				46C166D82947A35B00A88A2B /* day_12.txt */,
			);
			path = Input;
			sourceTree = "<group>";
		};
		464561522939F15D00BB9874 /* Solutions */ = {
			isa = PBXGroup;
			children = (
				463CADB32938C24D0045460C /* Day1.swift */,
				464561552939F2E900BB9874 /* Day2.swift */,
				46E15EA8293DE04900F44580 /* Day3.swift */,
				46E15EAA293E0BFD00F44580 /* Day4.swift */,
				46EC9776293E1893007C9C8D /* Day5.swift */,
				46CFCF1B29407A610017442D /* Day6.swift */,
				46CFCF1D294080D80017442D /* Day7.swift */,
				4663CA2F29424CD30086DF24 /* Day8.swift */,
				46D5FD8629439AFB009DE94F /* Day9.swift */,
				46D5FD892944AB6F009DE94F /* Day10.swift */,
				46C166D02947245200A88A2B /* Day11.swift */,
				46C166D62947A34C00A88A2B /* Day12.swift */,
			);
			path = Solutions;
			sourceTree = "<group>";
		};
/* End PBXGroup section */

/* Begin PBXNativeTarget section */
		463CADA82938C2330045460C /* AdventOfCode2022 */ = {
			isa = PBXNativeTarget;
			buildConfigurationList = 463CADB02938C2330045460C /* Build configuration list for PBXNativeTarget "AdventOfCode2022" */;
			buildPhases = (
				463CADA52938C2330045460C /* Sources */,
				463CADA62938C2330045460C /* Frameworks */,
				463CADA72938C2330045460C /* CopyFiles */,
			);
			buildRules = (
			);
			dependencies = (
			);
			name = AdventOfCode2022;
			productName = AdventOfCode2022;
			productReference = 463CADA92938C2330045460C /* AdventOfCode2022 */;
			productType = "com.apple.product-type.tool";
		};
/* End PBXNativeTarget section */

/* Begin PBXProject section */
		463CADA12938C2330045460C /* Project object */ = {
			isa = PBXProject;
			attributes = {
				BuildIndependentTargetsInParallel = 1;
				KnownAssetTags = (
					New,
				);
				LastSwiftUpdateCheck = 1410;
				LastUpgradeCheck = 1410;
				TargetAttributes = {
					463CADA82938C2330045460C = {
						CreatedOnToolsVersion = 14.1;
					};
				};
			};
			buildConfigurationList = 463CADA42938C2330045460C /* Build configuration list for PBXProject "AdventOfCode2022" */;
			compatibilityVersion = "Xcode 14.0";
			developmentRegion = en;
			hasScannedForEncodings = 0;
			knownRegions = (
				en,
				Base,
			);
			mainGroup = 463CADA02938C2330045460C;
			productRefGroup = 463CADAA2938C2330045460C /* Products */;
			projectDirPath = "";
			projectRoot = "";
			targets = (
				463CADA82938C2330045460C /* AdventOfCode2022 */,
			);
		};
/* End PBXProject section */

/* Begin PBXSourcesBuildPhase section */
		463CADA52938C2330045460C /* Sources */ = {
			isa = PBXSourcesBuildPhase;
			buildActionMask = 2147483647;
			files = (
				463CADB42938C24D0045460C /* Day1.swift in Sources */,
				46C166D12947245200A88A2B /* Day11.swift in Sources */,
				4663CA3029424CD30086DF24 /* Day8.swift in Sources */,
				46CFCF1C29407A610017442D /* Day6.swift in Sources */,
				46EC9777293E1893007C9C8D /* Day5.swift in Sources */,
				46E15EAB293E0BFD00F44580 /* Day4.swift in Sources */,
				46D5FD8A2944AB6F009DE94F /* Day10.swift in Sources */,
				46E15EA9293DE04900F44580 /* Day3.swift in Sources */,
				46D5FD8729439AFB009DE94F /* Day9.swift in Sources */,
				464561562939F2E900BB9874 /* Day2.swift in Sources */,
				464561542939F19A00BB9874 /* InputLoader.swift in Sources */,
				46C166D72947A34C00A88A2B /* Day12.swift in Sources */,
				46CFCF1E294080D80017442D /* Day7.swift in Sources */,
				463CADAD2938C2330045460C /* main.swift in Sources */,
			);
			runOnlyForDeploymentPostprocessing = 0;
		};
/* End PBXSourcesBuildPhase section */

/* Begin XCBuildConfiguration section */
		463CADAE2938C2330045460C /* Debug */ = {
			isa = XCBuildConfiguration;
			buildSettings = {
				ALWAYS_SEARCH_USER_PATHS = NO;
				CLANG_ANALYZER_NONNULL = YES;
				CLANG_ANALYZER_NUMBER_OBJECT_CONVERSION = YES_AGGRESSIVE;
				CLANG_CXX_LANGUAGE_STANDARD = "gnu++20";
				CLANG_ENABLE_MODULES = YES;
				CLANG_ENABLE_OBJC_ARC = YES;
				CLANG_ENABLE_OBJC_WEAK = YES;
				CLANG_WARN_BLOCK_CAPTURE_AUTORELEASING = YES;
				CLANG_WARN_BOOL_CONVERSION = YES;
				CLANG_WARN_COMMA = YES;
				CLANG_WARN_CONSTANT_CONVERSION = YES;
				CLANG_WARN_DEPRECATED_OBJC_IMPLEMENTATIONS = YES;
				CLANG_WARN_DIRECT_OBJC_ISA_USAGE = YES_ERROR;
				CLANG_WARN_DOCUMENTATION_COMMENTS = YES;
				CLANG_WARN_EMPTY_BODY = YES;
				CLANG_WARN_ENUM_CONVERSION = YES;
				CLANG_WARN_INFINITE_RECURSION = YES;
				CLANG_WARN_INT_CONVERSION = YES;
				CLANG_WARN_NON_LITERAL_NULL_CONVERSION = YES;
				CLANG_WARN_OBJC_IMPLICIT_RETAIN_SELF = YES;
				CLANG_WARN_OBJC_LITERAL_CONVERSION = YES;
				CLANG_WARN_OBJC_ROOT_CLASS = YES_ERROR;
				CLANG_WARN_QUOTED_INCLUDE_IN_FRAMEWORK_HEADER = YES;
				CLANG_WARN_RANGE_LOOP_ANALYSIS = YES;
				CLANG_WARN_STRICT_PROTOTYPES = YES;
				CLANG_WARN_SUSPICIOUS_MOVE = YES;
				CLANG_WARN_UNGUARDED_AVAILABILITY = YES_AGGRESSIVE;
				CLANG_WARN_UNREACHABLE_CODE = YES;
				CLANG_WARN__DUPLICATE_METHOD_MATCH = YES;
				COPY_PHASE_STRIP = NO;
				DEBUG_INFORMATION_FORMAT = dwarf;
				ENABLE_STRICT_OBJC_MSGSEND = YES;
				ENABLE_TESTABILITY = YES;
				GCC_C_LANGUAGE_STANDARD = gnu11;
				GCC_DYNAMIC_NO_PIC = NO;
				GCC_NO_COMMON_BLOCKS = YES;
				GCC_OPTIMIZATION_LEVEL = 0;
				GCC_PREPROCESSOR_DEFINITIONS = (
					"DEBUG=1",
					"$(inherited)",
				);
				GCC_WARN_64_TO_32_BIT_CONVERSION = YES;
				GCC_WARN_ABOUT_RETURN_TYPE = YES_ERROR;
				GCC_WARN_UNDECLARED_SELECTOR = YES;
				GCC_WARN_UNINITIALIZED_AUTOS = YES_AGGRESSIVE;
				GCC_WARN_UNUSED_FUNCTION = YES;
				GCC_WARN_UNUSED_VARIABLE = YES;
				MACOSX_DEPLOYMENT_TARGET = 13.0;
				MTL_ENABLE_DEBUG_INFO = INCLUDE_SOURCE;
				MTL_FAST_MATH = YES;
				ONLY_ACTIVE_ARCH = YES;
				SDKROOT = macosx;
				SWIFT_ACTIVE_COMPILATION_CONDITIONS = DEBUG;
				SWIFT_OPTIMIZATION_LEVEL = "-Onone";
			};
			name = Debug;
		};
		463CADAF2938C2330045460C /* Release */ = {
			isa = XCBuildConfiguration;
			buildSettings = {
				ALWAYS_SEARCH_USER_PATHS = NO;
				CLANG_ANALYZER_NONNULL = YES;
				CLANG_ANALYZER_NUMBER_OBJECT_CONVERSION = YES_AGGRESSIVE;
				CLANG_CXX_LANGUAGE_STANDARD = "gnu++20";
				CLANG_ENABLE_MODULES = YES;
				CLANG_ENABLE_OBJC_ARC = YES;
				CLANG_ENABLE_OBJC_WEAK = YES;
				CLANG_WARN_BLOCK_CAPTURE_AUTORELEASING = YES;
				CLANG_WARN_BOOL_CONVERSION = YES;
				CLANG_WARN_COMMA = YES;
				CLANG_WARN_CONSTANT_CONVERSION = YES;
				CLANG_WARN_DEPRECATED_OBJC_IMPLEMENTATIONS = YES;
				CLANG_WARN_DIRECT_OBJC_ISA_USAGE = YES_ERROR;
				CLANG_WARN_DOCUMENTATION_COMMENTS = YES;
				CLANG_WARN_EMPTY_BODY = YES;
				CLANG_WARN_ENUM_CONVERSION = YES;
				CLANG_WARN_INFINITE_RECURSION = YES;
				CLANG_WARN_INT_CONVERSION = YES;
				CLANG_WARN_NON_LITERAL_NULL_CONVERSION = YES;
				CLANG_WARN_OBJC_IMPLICIT_RETAIN_SELF = YES;
				CLANG_WARN_OBJC_LITERAL_CONVERSION = YES;
				CLANG_WARN_OBJC_ROOT_CLASS = YES_ERROR;
				CLANG_WARN_QUOTED_INCLUDE_IN_FRAMEWORK_HEADER = YES;
				CLANG_WARN_RANGE_LOOP_ANALYSIS = YES;
				CLANG_WARN_STRICT_PROTOTYPES = YES;
				CLANG_WARN_SUSPICIOUS_MOVE = YES;
				CLANG_WARN_UNGUARDED_AVAILABILITY = YES_AGGRESSIVE;
				CLANG_WARN_UNREACHABLE_CODE = YES;
				CLANG_WARN__DUPLICATE_METHOD_MATCH = YES;
				COPY_PHASE_STRIP = NO;
				DEBUG_INFORMATION_FORMAT = "dwarf-with-dsym";
				ENABLE_NS_ASSERTIONS = NO;
				ENABLE_STRICT_OBJC_MSGSEND = YES;
				GCC_C_LANGUAGE_STANDARD = gnu11;
				GCC_NO_COMMON_BLOCKS = YES;
				GCC_WARN_64_TO_32_BIT_CONVERSION = YES;
				GCC_WARN_ABOUT_RETURN_TYPE = YES_ERROR;
				GCC_WARN_UNDECLARED_SELECTOR = YES;
				GCC_WARN_UNINITIALIZED_AUTOS = YES_AGGRESSIVE;
				GCC_WARN_UNUSED_FUNCTION = YES;
				GCC_WARN_UNUSED_VARIABLE = YES;
				MACOSX_DEPLOYMENT_TARGET = 13.0;
				MTL_ENABLE_DEBUG_INFO = NO;
				MTL_FAST_MATH = YES;
				SDKROOT = macosx;
				SWIFT_COMPILATION_MODE = wholemodule;
				SWIFT_OPTIMIZATION_LEVEL = "-O";
			};
			name = Release;
		};
		463CADB12938C2330045460C /* Debug */ = {
			isa = XCBuildConfiguration;
			buildSettings = {
				CODE_SIGN_STYLE = Automatic;
				PRODUCT_NAME = "$(TARGET_NAME)";
				SWIFT_VERSION = 5.0;
			};
			name = Debug;
		};
		463CADB22938C2330045460C /* Release */ = {
			isa = XCBuildConfiguration;
			buildSettings = {
				CODE_SIGN_STYLE = Automatic;
				PRODUCT_NAME = "$(TARGET_NAME)";
				SWIFT_VERSION = 5.0;
			};
			name = Release;
		};
/* End XCBuildConfiguration section */

/* Begin XCConfigurationList section */
		463CADA42938C2330045460C /* Build configuration list for PBXProject "AdventOfCode2022" */ = {
			isa = XCConfigurationList;
			buildConfigurations = (
				463CADAE2938C2330045460C /* Debug */,
				463CADAF2938C2330045460C /* Release */,
			);
			defaultConfigurationIsVisible = 0;
			defaultConfigurationName = Release;
		};
		463CADB02938C2330045460C /* Build configuration list for PBXNativeTarget "AdventOfCode2022" */ = {
			isa = XCConfigurationList;
			buildConfigurations = (
				463CADB12938C2330045460C /* Debug */,
				463CADB22938C2330045460C /* Release */,
			);
			defaultConfigurationIsVisible = 0;
			defaultConfigurationName = Release;
		};
/* End XCConfigurationList section */
	};
	rootObject = 463CADA12938C2330045460C /* Project object */;
}
